
Microsoft Visual Studio Solution File, Format Version 12.00
# Visual Studio Version 16
VisualStudioVersion = 16.0.30907.101
MinimumVisualStudioVersion = 10.0.40219.1
Project("{FAE04EC0-301F-11D3-BF4B-00C04F79EFBC}") = "T0413", "T0413.csproj", "{95FEFA8D-065B-4C8D-83E8-1C1D1A5C15B8}"
EndProject
Global
	GlobalSection(SolutionConfigurationPlatforms) = preSolution
		Debug|Any CPU = Debug|Any CPU
		Release|Any CPU = Release|Any CPU
	EndGlobalSection
	GlobalSection(ProjectConfigurationPlatforms) = postSolution
		{95FEFA8D-065B-4C8D-83E8-1C1D1A5C15B8}.Debug|Any CPU.ActiveCfg = Debug|Any CPU
		{95FEFA8D-065B-4C8D-83E8-1C1D1A5C15B8}.Debug|Any CPU.Build.0 = Debug|Any CPU
		{95FEFA8D-065B-4C8D-83E8-1C1D1A5C15B8}.Release|Any CPU.ActiveCfg = Release|Any CPU
		{95FEFA8D-065B-4C8D-83E8-1C1D1A5C15B8}.Release|Any CPU.Build.0 = Release|Any CPU
	EndGlobalSection
	GlobalSection(SolutionProperties) = preSolution
		HideSolutionNode = FALSE
	EndGlobalSection
	GlobalSection(ExtensibilityGlobals) = postSolution
		SolutionGuid = {2F5FF8A1-88A5-44D8-8656-AD93E05E04EC}
	EndGlobalSection
EndGlobal
